{
  "originHash" : "380dc76bdea8ea8433eda2897c58160025403bcf459675b27c5f1494c3ee8575",
  "pins" : [
    {
      "identity" : "atprotokit",
      "kind" : "remoteSourceControl",
      "location" : "https://github.com/MasterJ93/ATProtoKit.git",
      "state" : {
        "revision" : "7c73c4887054786d3e5dcc69c592b2b2c5d2ecd2",
        "version" : "0.10.3"
      }
    },
    {
      "identity" : "swift-argument-parser",
      "kind" : "remoteSourceControl",
      "location" : "https://github.com/apple/swift-argument-parser.git",
      "state" : {
        "revision" : "0fbc8848e389af3bb55c182bc19ca9d5dc2f255b",
        "version" : "1.4.0"
      }
    },
    {
      "identity" : "swift-log",
      "kind" : "remoteSourceControl",
      "location" : "https://github.com/apple/swift-log.git",
      "state" : {
        "revision" : "e97a6fcb1ab07462881ac165fdbb37f067e205d5",
        "version" : "1.5.4"
      }
    },
    {
      "identity" : "swift-syntax",
      "kind" : "remoteSourceControl",
      "location" : "https://github.com/apple/swift-syntax.git",
      "state" : {
        "revision" : "74c759fe021b87849501af3808ef24fcba8dfff3",
        "version" : "600.0.0-prerelease-2024-06-04"
      }
    },
    {
      "identity" : "swift-testing",
      "kind" : "remoteSourceControl",
      "location" : "https://github.com/apple/swift-testing.git",
      "state" : {
        "branch" : "main",
        "revision" : "37efc631165e62a930396a9b1d1cd38ae6476584"
      }
    },
    {
      "identity" : "swiftli",
      "kind" : "remoteSourceControl",
      "location" : "https://github.com/KC-2001MS/SwiftLI.git",
      "state" : {
        "revision" : "e3988c225e817cec6330fc00fdeeda82a6d770c0",
        "version" : "0.1.0"
      }
    },
    {
      "identity" : "swiftsoup",
      "kind" : "remoteSourceControl",
      "location" : "https://github.com/scinfu/SwiftSoup.git",
      "state" : {
        "revision" : "028487d4a8a291b2fe1b4392b5425b6172056148",
        "version" : "2.7.2"
      }
    }
  ],
  "version" : 3
}
